
Microsoft Visual Studio Solution File, Format Version 12.00
# Visual Studio Version 17
VisualStudioVersion = 17.4.33213.308
MinimumVisualStudioVersion = 10.0.40219.1
Project("{FAE04EC0-301F-11D3-BF4B-00C04F79EFBC}") = "ConsoleApp1", "ConsoleApp1\ConsoleApp1.csproj", "{62EE4E06-6D6A-4B2C-B0A5-AD53D0581741}"
EndProject
Project("{FAE04EC0-301F-11D3-BF4B-00C04F79EFBC}") = "ConsoleApp2", "ConsoleApp2\ConsoleApp2.csproj", "{F4DDF260-E42C-4F68-B285-FFFE6B2A6349}"
EndProject
Project("{FAE04EC0-301F-11D3-BF4B-00C04F79EFBC}") = "ConsoleApp3", "ConsoleApp3\ConsoleApp3.csproj", "{C4DCB721-F2CF-4DBB-B13E-0CA09C034CBB}"
EndProject
Project("{FAE04EC0-301F-11D3-BF4B-00C04F79EFBC}") = "ConsoleApp4", "ConsoleApp4\ConsoleApp4.csproj", "{072AA79E-F67E-40CE-A848-8D3136ED3C77}"
EndProject
Global
	GlobalSection(SolutionConfigurationPlatforms) = preSolution
		Debug|Any CPU = Debug|Any CPU
		Release|Any CPU = Release|Any CPU
	EndGlobalSection
	GlobalSection(ProjectConfigurationPlatforms) = postSolution
		{62EE4E06-6D6A-4B2C-B0A5-AD53D0581741}.Debug|Any CPU.ActiveCfg = Debug|Any CPU
		{62EE4E06-6D6A-4B2C-B0A5-AD53D0581741}.Debug|Any CPU.Build.0 = Debug|Any CPU
		{62EE4E06-6D6A-4B2C-B0A5-AD53D0581741}.Release|Any CPU.ActiveCfg = Release|Any CPU
		{62EE4E06-6D6A-4B2C-B0A5-AD53D0581741}.Release|Any CPU.Build.0 = Release|Any CPU
		{F4DDF260-E42C-4F68-B285-FFFE6B2A6349}.Debug|Any CPU.ActiveCfg = Debug|Any CPU
		{F4DDF260-E42C-4F68-B285-FFFE6B2A6349}.Debug|Any CPU.Build.0 = Debug|Any CPU
		{F4DDF260-E42C-4F68-B285-FFFE6B2A6349}.Release|Any CPU.ActiveCfg = Release|Any CPU
		{F4DDF260-E42C-4F68-B285-FFFE6B2A6349}.Release|Any CPU.Build.0 = Release|Any CPU
		{C4DCB721-F2CF-4DBB-B13E-0CA09C034CBB}.Debug|Any CPU.ActiveCfg = Debug|Any CPU
		{C4DCB721-F2CF-4DBB-B13E-0CA09C034CBB}.Debug|Any CPU.Build.0 = Debug|Any CPU
		{C4DCB721-F2CF-4DBB-B13E-0CA09C034CBB}.Release|Any CPU.ActiveCfg = Release|Any CPU
		{C4DCB721-F2CF-4DBB-B13E-0CA09C034CBB}.Release|Any CPU.Build.0 = Release|Any CPU
		{072AA79E-F67E-40CE-A848-8D3136ED3C77}.Debug|Any CPU.ActiveCfg = Debug|Any CPU
		{072AA79E-F67E-40CE-A848-8D3136ED3C77}.Debug|Any CPU.Build.0 = Debug|Any CPU
		{072AA79E-F67E-40CE-A848-8D3136ED3C77}.Release|Any CPU.ActiveCfg = Release|Any CPU
		{072AA79E-F67E-40CE-A848-8D3136ED3C77}.Release|Any CPU.Build.0 = Release|Any CPU
	EndGlobalSection
	GlobalSection(SolutionProperties) = preSolution
		HideSolutionNode = FALSE
	EndGlobalSection
	GlobalSection(ExtensibilityGlobals) = postSolution
		SolutionGuid = {05461C3A-B112-4F99-B852-41015165A178}
	EndGlobalSection
EndGlobal
